github.com/alkem-io/cleverbase-sdk/bindings/go v0.2.1 h1:T0eymDks3LRkMnlNZ5X1fjhAxQf7oHjoW9bWqC7JuYg=
github.com/alkem-io/cleverbase-sdk/bindings/go v0.2.1/go.mod h1:O/6jXDXmzgt2yU6DENfAiZhD5EVgZRDaL3kH7GVF7L0=
github.com/fxamacker/cbor/v2 v2.9.2 h1:X4Ksno9+x3cz0TZv69ec1hxP/+tymuR8PXQJyDwfh78=
github.com/fxamacker/cbor/v2 v2.9.2/go.mod h1:vM4b+DJCtHn+zz7h3FFp/hDAI9WNWCsZj23V5ytsSxQ=
github.com/x448/float16 v0.8.4 h1:qLwI1I70+NjRFUR3zs1JPUCgaCXSh3SW62uAKT1mSBM=
github.com/x448/float16 v0.8.4/go.mod h1:14CWIYCyZA/cWjXOioeEpHeN/83MdbZDRQHoFcYsOfg=
